Microsoft Visual Studio Solution File, Format Version 12.00
# Visual Studio 2012
Project("{FAE04EC0-301F-11D3-BF4B-00C04F79EFBC}") = "Survivor", "Survivor.csproj", "{B393CA02-233A-4331-B6DB-A8DA65174857}"
EndProject
Global
	GlobalSection(SolutionConfigurationPlatforms) = preSolution
	Debug|Any CPU = Debug|Any CPU
	ExportDebug|Any CPU = ExportDebug|Any CPU
	ExportRelease|Any CPU = ExportRelease|Any CPU
	EndGlobalSection
	GlobalSection(ProjectConfigurationPlatforms) = postSolution
		{B393CA02-233A-4331-B6DB-A8DA65174857}.Debug|Any CPU.ActiveCfg = Debug|Any CPU
		{B393CA02-233A-4331-B6DB-A8DA65174857}.Debug|Any CPU.Build.0 = Debug|Any CPU
		{B393CA02-233A-4331-B6DB-A8DA65174857}.ExportDebug|Any CPU.ActiveCfg = ExportDebug|Any CPU
		{B393CA02-233A-4331-B6DB-A8DA65174857}.ExportDebug|Any CPU.Build.0 = ExportDebug|Any CPU
		{B393CA02-233A-4331-B6DB-A8DA65174857}.ExportRelease|Any CPU.ActiveCfg = ExportRelease|Any CPU
		{B393CA02-233A-4331-B6DB-A8DA65174857}.ExportRelease|Any CPU.Build.0 = ExportRelease|Any CPU
	EndGlobalSection
EndGlobal
